// !$*UTF8*$!
{
	archiveVersion = 1;
	classes = {
	};
	objectVersion = 56;
	objects = {

/* Begin PBXBuildFile section */
		DB2388802BCEF8E500777799 /* AppDelegate.swift in Sources */ = {isa = PBXBuildFile; fileRef = DB23887F2BCEF8E500777799 /* AppDelegate.swift */; };
		DB2388822BCEF8E500777799 /* SceneDelegate.swift in Sources */ = {isa = PBXBuildFile; fileRef = DB2388812BCEF8E500777799 /* SceneDelegate.swift */; };
		DB2388842BCEF8E500777799 /* ViewController.swift in Sources */ = {isa = PBXBuildFile; fileRef = DB2388832BCEF8E500777799 /* ViewController.swift */; };
		DB2388872BCEF8E500777799 /* Base in Resources */ = {isa = PBXBuildFile; fileRef = DB2388862BCEF8E500777799 /* Base */; };
		DB2388892BCEF8E700777799 /* Assets.xcassets in Resources */ = {isa = PBXBuildFile; fileRef = DB2388882BCEF8E700777799 /* Assets.xcassets */; };
		DB23888C2BCEF8E700777799 /* Base in Resources */ = {isa = PBXBuildFile; fileRef = DB23888B2BCEF8E700777799 /* Base */; };
		DB2388972BCEF8E700777799 /* Life_CounterTests.swift in Sources */ = {isa = PBXBuildFile; fileRef = DB2388962BCEF8E700777799 /* Life_CounterTests.swift */; };
		DB2388A12BCEF8E700777799 /* Life_CounterUITests.swift in Sources */ = {isa = PBXBuildFile; fileRef = DB2388A02BCEF8E700777799 /* Life_CounterUITests.swift */; };
		DB2388A32BCEF8E700777799 /* Life_CounterUITestsLaunchTests.swift in Sources */ = {isa = PBXBuildFile; fileRef = DB2388A22BCEF8E700777799 /* Life_CounterUITestsLaunchTests.swift */; };
		DB2388B02BCF05FF00777799 /* Variables.swift in Sources */ = {isa = PBXBuildFile; fileRef = DB2388AF2BCF05FF00777799 /* Variables.swift */; };
		DB2388B22BCF09A500777799 /* Strings.swift in Sources */ = {isa = PBXBuildFile; fileRef = DB2388B12BCF09A500777799 /* Strings.swift */; };
		DB468DD42BD8CF1100737B56 /* HistoryViewController.swift in Sources */ = {isa = PBXBuildFile; fileRef = DB468DD32BD8CF1100737B56 /* HistoryViewController.swift */; };
/* End PBXBuildFile section */

/* Begin PBXContainerItemProxy section */
		DB2388932BCEF8E700777799 /* PBXContainerItemProxy */ = {
			isa = PBXContainerItemProxy;
			containerPortal = DB2388742BCEF8E500777799 /* Project object */;
			proxyType = 1;
			remoteGlobalIDString = DB23887B2BCEF8E500777799;
			remoteInfo = "Life Counter";
		};
		DB23889D2BCEF8E700777799 /* PBXContainerItemProxy */ = {
			isa = PBXContainerItemProxy;
			containerPortal = DB2388742BCEF8E500777799 /* Project object */;
			proxyType = 1;
			remoteGlobalIDString = DB23887B2BCEF8E500777799;
			remoteInfo = "Life Counter";
		};
/* End PBXContainerItemProxy section */

/* Begin PBXFileReference section */
		DB23887C2BCEF8E500777799 /* Life Counter.app */ = {isa = PBXFileReference; explicitFileType = wrapper.application; includeInIndex = 0; path = "Life Counter.app"; sourceTree = BUILT_PRODUCTS_DIR; };
		DB23887F2BCEF8E500777799 /* AppDelegate.swift */ = {isa = PBXFileReference; lastKnownFileType = sourcecode.swift; path = AppDelegate.swift; sourceTree = "<group>"; };
		DB2388812BCEF8E500777799 /* SceneDelegate.swift */ = {isa = PBXFileReference; lastKnownFileType = sourcecode.swift; path = SceneDelegate.swift; sourceTree = "<group>"; };
		DB2388832BCEF8E500777799 /* ViewController.swift */ = {isa = PBXFileReference; lastKnownFileType = sourcecode.swift; path = ViewController.swift; sourceTree = "<group>"; };
		DB2388862BCEF8E500777799 /* Base */ = {isa = PBXFileReference; lastKnownFileType = file.storyboard; name = Base; path = Base.lproj/Main.storyboard; sourceTree = "<group>"; };
		DB2388882BCEF8E700777799 /* Assets.xcassets */ = {isa = PBXFileReference; lastKnownFileType = folder.assetcatalog; path = Assets.xcassets; sourceTree = "<group>"; };
		DB23888B2BCEF8E700777799 /* Base */ = {isa = PBXFileReference; lastKnownFileType = file.storyboard; name = Base; path = Base.lproj/LaunchScreen.storyboard; sourceTree = "<group>"; };
		DB23888D2BCEF8E700777799 /* Info.plist */ = {isa = PBXFileReference; lastKnownFileType = text.plist.xml; path = Info.plist; sourceTree = "<group>"; };
		DB2388922BCEF8E700777799 /* Life CounterTests.xctest */ = {isa = PBXFileReference; explicitFileType = wrapper.cfbundle; includeInIndex = 0; path = "Life CounterTests.xctest"; sourceTree = BUILT_PRODUCTS_DIR; };
		DB2388962BCEF8E700777799 /* Life_CounterTests.swift */ = {isa = PBXFileReference; lastKnownFileType = sourcecode.swift; path = Life_CounterTests.swift; sourceTree = "<group>"; };
		DB23889C2BCEF8E700777799 /* Life CounterUITests.xctest */ = {isa = PBXFileReference; explicitFileType = wrapper.cfbundle; includeInIndex = 0; path = "Life CounterUITests.xctest"; sourceTree = BUILT_PRODUCTS_DIR; };
		DB2388A02BCEF8E700777799 /* Life_CounterUITests.swift */ = {isa = PBXFileReference; lastKnownFileType = sourcecode.swift; path = Life_CounterUITests.swift; sourceTree = "<group>"; };
		DB2388A22BCEF8E700777799 /* Life_CounterUITestsLaunchTests.swift */ = {isa = PBXFileReference; lastKnownFileType = sourcecode.swift; path = Life_CounterUITestsLaunchTests.swift; sourceTree = "<group>"; };
		DB2388AF2BCF05FF00777799 /* Variables.swift */ = {isa = PBXFileReference; lastKnownFileType = sourcecode.swift; path = Variables.swift; sourceTree = "<group>"; };
		DB2388B12BCF09A500777799 /* Strings.swift */ = {isa = PBXFileReference; lastKnownFileType = sourcecode.swift; path = Strings.swift; sourceTree = "<group>"; };
		DB468DD32BD8CF1100737B56 /* HistoryViewController.swift */ = {isa = PBXFileReference; lastKnownFileType = sourcecode.swift; path = HistoryViewController.swift; sourceTree = "<group>"; };
/* End PBXFileReference section */

/* Begin PBXFrameworksBuildPhase section */
		DB2388792BCEF8E500777799 /* Frameworks */ = {
			isa = PBXFrameworksBuildPhase;
			buildActionMask = 2147483647;
			files = (
			);
			runOnlyForDeploymentPostprocessing = 0;
		};
		DB23888F2BCEF8E700777799 /* Frameworks */ = {
			isa = PBXFrameworksBuildPhase;
			buildActionMask = 2147483647;
			files = (
			);
			runOnlyForDeploymentPostprocessing = 0;
		};
		DB2388992BCEF8E700777799 /* Frameworks */ = {
			isa = PBXFrameworksBuildPhase;
			buildActionMask = 2147483647;
			files = (
			);
			runOnlyForDeploymentPostprocessing = 0;
		};
/* End PBXFrameworksBuildPhase section */

/* Begin PBXGroup section */
		DB2388732BCEF8E500777799 = {
			isa = PBXGroup;
			children = (
				DB23887E2BCEF8E500777799 /* Life Counter */,
				DB2388952BCEF8E700777799 /* Life CounterTests */,
				DB23889F2BCEF8E700777799 /* Life CounterUITests */,
				DB23887D2BCEF8E500777799 /* Products */,
			);
			sourceTree = "<group>";
		};
		DB23887D2BCEF8E500777799 /* Products */ = {
			isa = PBXGroup;
			children = (
				DB23887C2BCEF8E500777799 /* Life Counter.app */,
				DB2388922BCEF8E700777799 /* Life CounterTests.xctest */,
				DB23889C2BCEF8E700777799 /* Life CounterUITests.xctest */,
			);
			name = Products;
			sourceTree = "<group>";
		};
		DB23887E2BCEF8E500777799 /* Life Counter */ = {
			isa = PBXGroup;
			children = (
				DB2388B32BCF254900777799 /* Utils */,
				DB23887F2BCEF8E500777799 /* AppDelegate.swift */,
				DB2388812BCEF8E500777799 /* SceneDelegate.swift */,
				DB2388832BCEF8E500777799 /* ViewController.swift */,
				DB2388852BCEF8E500777799 /* Main.storyboard */,
				DB2388882BCEF8E700777799 /* Assets.xcassets */,
				DB23888A2BCEF8E700777799 /* LaunchScreen.storyboard */,
				DB23888D2BCEF8E700777799 /* Info.plist */,
				DB468DD32BD8CF1100737B56 /* HistoryViewController.swift */,
			);
			path = "Life Counter";
			sourceTree = "<group>";
		};
		DB2388952BCEF8E700777799 /* Life CounterTests */ = {
			isa = PBXGroup;
			children = (
				DB2388962BCEF8E700777799 /* Life_CounterTests.swift */,
			);
			path = "Life CounterTests";
			sourceTree = "<group>";
		};
		DB23889F2BCEF8E700777799 /* Life CounterUITests */ = {
			isa = PBXGroup;
			children = (
				DB2388A02BCEF8E700777799 /* Life_CounterUITests.swift */,
				DB2388A22BCEF8E700777799 /* Life_CounterUITestsLaunchTests.swift */,
			);
			path = "Life CounterUITests";
			sourceTree = "<group>";
		};
		DB2388B32BCF254900777799 /* Utils */ = {
			isa = PBXGroup;
			children = (
				DB2388AF2BCF05FF00777799 /* Variables.swift */,
				DB2388B12BCF09A500777799 /* Strings.swift */,
			);
			path = Utils;
			sourceTree = "<group>";
		};
/* End PBXGroup section */

/* Begin PBXNativeTarget section */
		DB23887B2BCEF8E500777799 /* Life Counter */ = {
			isa = PBXNativeTarget;
			buildConfigurationList = DB2388A62BCEF8E700777799 /* Build configuration list for PBXNativeTarget "Life Counter" */;
			buildPhases = (
				DB2388782BCEF8E500777799 /* Sources */,
				DB2388792BCEF8E500777799 /* Frameworks */,
				DB23887A2BCEF8E500777799 /* Resources */,
			);
			buildRules = (
			);
			dependencies = (
			);
			name = "Life Counter";
			productName = "Life Counter";
			productReference = DB23887C2BCEF8E500777799 /* Life Counter.app */;
			productType = "com.apple.product-type.application";
		};
		DB2388912BCEF8E700777799 /* Life CounterTests */ = {
			isa = PBXNativeTarget;
			buildConfigurationList = DB2388A92BCEF8E700777799 /* Build configuration list for PBXNativeTarget "Life CounterTests" */;
			buildPhases = (
				DB23888E2BCEF8E700777799 /* Sources */,
				DB23888F2BCEF8E700777799 /* Frameworks */,
				DB2388902BCEF8E700777799 /* Resources */,
			);
			buildRules = (
			);
			dependencies = (
				DB2388942BCEF8E700777799 /* PBXTargetDependency */,
			);
			name = "Life CounterTests";
			productName = "Life CounterTests";
			productReference = DB2388922BCEF8E700777799 /* Life CounterTests.xctest */;
			productType = "com.apple.product-type.bundle.unit-test";
		};
		DB23889B2BCEF8E700777799 /* Life CounterUITests */ = {
			isa = PBXNativeTarget;
			buildConfigurationList = DB2388AC2BCEF8E700777799 /* Build configuration list for PBXNativeTarget "Life CounterUITests" */;
			buildPhases = (
				DB2388982BCEF8E700777799 /* Sources */,
				DB2388992BCEF8E700777799 /* Frameworks */,
				DB23889A2BCEF8E700777799 /* Resources */,
			);
			buildRules = (
			);
			dependencies = (
				DB23889E2BCEF8E700777799 /* PBXTargetDependency */,
			);
			name = "Life CounterUITests";
			productName = "Life CounterUITests";
			productReference = DB23889C2BCEF8E700777799 /* Life CounterUITests.xctest */;
			productType = "com.apple.product-type.bundle.ui-testing";
		};
/* End PBXNativeTarget section */

/* Begin PBXProject section */
		DB2388742BCEF8E500777799 /* Project object */ = {
			isa = PBXProject;
			attributes = {
				BuildIndependentTargetsInParallel = 1;
				LastSwiftUpdateCheck = 1530;
				LastUpgradeCheck = 1530;
				TargetAttributes = {
					DB23887B2BCEF8E500777799 = {
						CreatedOnToolsVersion = 15.3;
					};
					DB2388912BCEF8E700777799 = {
						CreatedOnToolsVersion = 15.3;
						TestTargetID = DB23887B2BCEF8E500777799;
					};
					DB23889B2BCEF8E700777799 = {
						CreatedOnToolsVersion = 15.3;
						TestTargetID = DB23887B2BCEF8E500777799;
					};
				};
			};
			buildConfigurationList = DB2388772BCEF8E500777799 /* Build configuration list for PBXProject "Life Counter" */;
			compatibilityVersion = "Xcode 14.0";
			developmentRegion = en;
			hasScannedForEncodings = 0;
			knownRegions = (
				en,
				Base,
			);
			mainGroup = DB2388732BCEF8E500777799;
			productRefGroup = DB23887D2BCEF8E500777799 /* Products */;
			projectDirPath = "";
			projectRoot = "";
			targets = (
				DB23887B2BCEF8E500777799 /* Life Counter */,
				DB2388912BCEF8E700777799 /* Life CounterTests */,
				DB23889B2BCEF8E700777799 /* Life CounterUITests */,
			);
		};
/* End PBXProject section */

/* Begin PBXResourcesBuildPhase section */
		DB23887A2BCEF8E500777799 /* Resources */ = {
			isa = PBXResourcesBuildPhase;
			buildActionMask = 2147483647;
			files = (
				DB2388892BCEF8E700777799 /* Assets.xcassets in Resources */,
				DB23888C2BCEF8E700777799 /* Base in Resources */,
				DB2388872BCEF8E500777799 /* Base in Resources */,
			);
			runOnlyForDeploymentPostprocessing = 0;
		};
		DB2388902BCEF8E700777799 /* Resources */ = {
			isa = PBXResourcesBuildPhase;
			buildActionMask = 2147483647;
			files = (
			);
			runOnlyForDeploymentPostprocessing = 0;
		};
		DB23889A2BCEF8E700777799 /* Resources */ = {
			isa = PBXResourcesBuildPhase;
			buildActionMask = 2147483647;
			files = (
			);
			runOnlyForDeploymentPostprocessing = 0;
		};
/* End PBXResourcesBuildPhase section */

/* Begin PBXSourcesBuildPhase section */
		DB2388782BCEF8E500777799 /* Sources */ = {
			isa = PBXSourcesBuildPhase;
			buildActionMask = 2147483647;
			files = (
				DB2388842BCEF8E500777799 /* ViewController.swift in Sources */,
				DB2388802BCEF8E500777799 /* AppDelegate.swift in Sources */,
				DB2388B22BCF09A500777799 /* Strings.swift in Sources */,
				DB468DD42BD8CF1100737B56 /* HistoryViewController.swift in Sources */,
				DB2388822BCEF8E500777799 /* SceneDelegate.swift in Sources */,
				DB2388B02BCF05FF00777799 /* Variables.swift in Sources */,
			);
			runOnlyForDeploymentPostprocessing = 0;
		};
		DB23888E2BCEF8E700777799 /* Sources */ = {
			isa = PBXSourcesBuildPhase;
			buildActionMask = 2147483647;
			files = (
				DB2388972BCEF8E700777799 /* Life_CounterTests.swift in Sources */,
			);
			runOnlyForDeploymentPostprocessing = 0;
		};
		DB2388982BCEF8E700777799 /* Sources */ = {
			isa = PBXSourcesBuildPhase;
			buildActionMask = 2147483647;
			files = (
				DB2388A12BCEF8E700777799 /* Life_CounterUITests.swift in Sources */,
				DB2388A32BCEF8E700777799 /* Life_CounterUITestsLaunchTests.swift in Sources */,
			);
			runOnlyForDeploymentPostprocessing = 0;
		};
/* End PBXSourcesBuildPhase section */

/* Begin PBXTargetDependency section */
		DB2388942BCEF8E700777799 /* PBXTargetDependency */ = {
			isa = PBXTargetDependency;
			target = DB23887B2BCEF8E500777799 /* Life Counter */;
			targetProxy = DB2388932BCEF8E700777799 /* PBXContainerItemProxy */;
		};
		DB23889E2BCEF8E700777799 /* PBXTargetDependency */ = {
			isa = PBXTargetDependency;
			target = DB23887B2BCEF8E500777799 /* Life Counter */;
			targetProxy = DB23889D2BCEF8E700777799 /* PBXContainerItemProxy */;
		};
/* End PBXTargetDependency section */

/* Begin PBXVariantGroup section */
		DB2388852BCEF8E500777799 /* Main.storyboard */ = {
			isa = PBXVariantGroup;
			children = (
				DB2388862BCEF8E500777799 /* Base */,
			);
			name = Main.storyboard;
			sourceTree = "<group>";
		};
		DB23888A2BCEF8E700777799 /* LaunchScreen.storyboard */ = {
			isa = PBXVariantGroup;
			children = (
				DB23888B2BCEF8E700777799 /* Base */,
			);
			name = LaunchScreen.storyboard;
			sourceTree = "<group>";
		};
/* End PBXVariantGroup section */

/* Begin XCBuildConfiguration section */
		DB2388A42BCEF8E700777799 /* Debug */ = {
			isa = XCBuildConfiguration;
			buildSettings = {
				ALWAYS_SEARCH_USER_PATHS = NO;
				ASSETCATALOG_COMPILER_GENERATE_SWIFT_ASSET_SYMBOL_EXTENSIONS = YES;
				CLANG_ANALYZER_NONNULL = YES;
				CLANG_ANALYZER_NUMBER_OBJECT_CONVERSION = YES_AGGRESSIVE;
				CLANG_CXX_LANGUAGE_STANDARD = "gnu++20";
				CLANG_ENABLE_MODULES = YES;
				CLANG_ENABLE_OBJC_ARC = YES;
				CLANG_ENABLE_OBJC_WEAK = YES;
				CLANG_WARN_BLOCK_CAPTURE_AUTORELEASING = YES;
				CLANG_WARN_BOOL_CONVERSION = YES;
				CLANG_WARN_COMMA = YES;
				CLANG_WARN_CONSTANT_CONVERSION = YES;
				CLANG_WARN_DEPRECATED_OBJC_IMPLEMENTATIONS = YES;
				CLANG_WARN_DIRECT_OBJC_ISA_USAGE = YES_ERROR;
				CLANG_WARN_DOCUMENTATION_COMMENTS = YES;
				CLANG_WARN_EMPTY_BODY = YES;
				CLANG_WARN_ENUM_CONVERSION = YES;
				CLANG_WARN_INFINITE_RECURSION = YES;
				CLANG_WARN_INT_CONVERSION = YES;
				CLANG_WARN_NON_LITERAL_NULL_CONVERSION = YES;
				CLANG_WARN_OBJC_IMPLICIT_RETAIN_SELF = YES;
				CLANG_WARN_OBJC_LITERAL_CONVERSION = YES;
				CLANG_WARN_OBJC_ROOT_CLASS = YES_ERROR;
				CLANG_WARN_QUOTED_INCLUDE_IN_FRAMEWORK_HEADER = YES;
				CLANG_WARN_RANGE_LOOP_ANALYSIS = YES;
				CLANG_WARN_STRICT_PROTOTYPES = YES;
				CLANG_WARN_SUSPICIOUS_MOVE = YES;
				CLANG_WARN_UNGUARDED_AVAILABILITY = YES_AGGRESSIVE;
				CLANG_WARN_UNREACHABLE_CODE = YES;
				CLANG_WARN__DUPLICATE_METHOD_MATCH = YES;
				COPY_PHASE_STRIP = NO;
				DEBUG_INFORMATION_FORMAT = dwarf;
				ENABLE_STRICT_OBJC_MSGSEND = YES;
				ENABLE_TESTABILITY = YES;
				ENABLE_USER_SCRIPT_SANDBOXING = YES;
				GCC_C_LANGUAGE_STANDARD = gnu17;
				GCC_DYNAMIC_NO_PIC = NO;
				GCC_NO_COMMON_BLOCKS = YES;
				GCC_OPTIMIZATION_LEVEL = 0;
				GCC_PREPROCESSOR_DEFINITIONS = (
					"DEBUG=1",
					"$(inherited)",
				);
				GCC_WARN_64_TO_32_BIT_CONVERSION = YES;
				GCC_WARN_ABOUT_RETURN_TYPE = YES_ERROR;
				GCC_WARN_UNDECLARED_SELECTOR = YES;
				GCC_WARN_UNINITIALIZED_AUTOS = YES_AGGRESSIVE;
				GCC_WARN_UNUSED_FUNCTION = YES;
				GCC_WARN_UNUSED_VARIABLE = YES;
				IPHONEOS_DEPLOYMENT_TARGET = 17.4;
				LOCALIZATION_PREFERS_STRING_CATALOGS = YES;
				MTL_ENABLE_DEBUG_INFO = INCLUDE_SOURCE;
				MTL_FAST_MATH = YES;
				ONLY_ACTIVE_ARCH = YES;
				SDKROOT = iphoneos;
				SWIFT_ACTIVE_COMPILATION_CONDITIONS = "DEBUG $(inherited)";
				SWIFT_OPTIMIZATION_LEVEL = "-Onone";
			};
			name = Debug;
		};
		DB2388A52BCEF8E700777799 /* Release */ = {
			isa = XCBuildConfiguration;
			buildSettings = {
				ALWAYS_SEARCH_USER_PATHS = NO;
				ASSETCATALOG_COMPILER_GENERATE_SWIFT_ASSET_SYMBOL_EXTENSIONS = YES;
				CLANG_ANALYZER_NONNULL = YES;
				CLANG_ANALYZER_NUMBER_OBJECT_CONVERSION = YES_AGGRESSIVE;
				CLANG_CXX_LANGUAGE_STANDARD = "gnu++20";
				CLANG_ENABLE_MODULES = YES;
				CLANG_ENABLE_OBJC_ARC = YES;
				CLANG_ENABLE_OBJC_WEAK = YES;
				CLANG_WARN_BLOCK_CAPTURE_AUTORELEASING = YES;
				CLANG_WARN_BOOL_CONVERSION = YES;
				CLANG_WARN_COMMA = YES;
				CLANG_WARN_CONSTANT_CONVERSION = YES;
				CLANG_WARN_DEPRECATED_OBJC_IMPLEMENTATIONS = YES;
				CLANG_WARN_DIRECT_OBJC_ISA_USAGE = YES_ERROR;
				CLANG_WARN_DOCUMENTATION_COMMENTS = YES;
				CLANG_WARN_EMPTY_BODY = YES;
				CLANG_WARN_ENUM_CONVERSION = YES;
				CLANG_WARN_INFINITE_RECURSION = YES;
				CLANG_WARN_INT_CONVERSION = YES;
				CLANG_WARN_NON_LITERAL_NULL_CONVERSION = YES;
				CLANG_WARN_OBJC_IMPLICIT_RETAIN_SELF = YES;
				CLANG_WARN_OBJC_LITERAL_CONVERSION = YES;
				CLANG_WARN_OBJC_ROOT_CLASS = YES_ERROR;
				CLANG_WARN_QUOTED_INCLUDE_IN_FRAMEWORK_HEADER = YES;
				CLANG_WARN_RANGE_LOOP_ANALYSIS = YES;
				CLANG_WARN_STRICT_PROTOTYPES = YES;
				CLANG_WARN_SUSPICIOUS_MOVE = YES;
				CLANG_WARN_UNGUARDED_AVAILABILITY = YES_AGGRESSIVE;
				CLANG_WARN_UNREACHABLE_CODE = YES;
				CLANG_WARN__DUPLICATE_METHOD_MATCH = YES;
				COPY_PHASE_STRIP = NO;
				DEBUG_INFORMATION_FORMAT = "dwarf-with-dsym";
				ENABLE_NS_ASSERTIONS = NO;
				ENABLE_STRICT_OBJC_MSGSEND = YES;
				ENABLE_USER_SCRIPT_SANDBOXING = YES;
				GCC_C_LANGUAGE_STANDARD = gnu17;
				GCC_NO_COMMON_BLOCKS = YES;
				GCC_WARN_64_TO_32_BIT_CONVERSION = YES;
				GCC_WARN_ABOUT_RETURN_TYPE = YES_ERROR;
				GCC_WARN_UNDECLARED_SELECTOR = YES;
				GCC_WARN_UNINITIALIZED_AUTOS = YES_AGGRESSIVE;
				GCC_WARN_UNUSED_FUNCTION = YES;
				GCC_WARN_UNUSED_VARIABLE = YES;
				IPHONEOS_DEPLOYMENT_TARGET = 17.4;
				LOCALIZATION_PREFERS_STRING_CATALOGS = YES;
				MTL_ENABLE_DEBUG_INFO = NO;
				MTL_FAST_MATH = YES;
				SDKROOT = iphoneos;
				SWIFT_COMPILATION_MODE = wholemodule;
				VALIDATE_PRODUCT = YES;
			};
			name = Release;
		};
		DB2388A72BCEF8E700777799 /* Debug */ = {
			isa = XCBuildConfiguration;
			buildSettings = {
				ASSETCATALOG_COMPILER_APPICON_NAME = AppIcon;
				ASSETCATALOG_COMPILER_GLOBAL_ACCENT_COLOR_NAME = AccentColor;
				CODE_SIGN_STYLE = Automatic;
				CURRENT_PROJECT_VERSION = 1;
				DEVELOPMENT_TEAM = FV8X8GGK72;
				GENERATE_INFOPLIST_FILE = YES;
				INFOPLIST_FILE = "Life Counter/Info.plist";
				INFOPLIST_KEY_UIApplicationSupportsIndirectInputEvents = YES;
				INFOPLIST_KEY_UILaunchStoryboardName = LaunchScreen;
				INFOPLIST_KEY_UIMainStoryboardFile = Main;
				INFOPLIST_KEY_UISupportedInterfaceOrientations_iPad = "UIInterfaceOrientationPortrait UIInterfaceOrientationPortraitUpsideDown UIInterfaceOrientationLandscapeLeft UIInterfaceOrientationLandscapeRight";
				INFOPLIST_KEY_UISupportedInterfaceOrientations_iPhone = "UIInterfaceOrientationPortrait UIInterfaceOrientationLandscapeLeft UIInterfaceOrientationLandscapeRight";
				LD_RUNPATH_SEARCH_PATHS = (
					"$(inherited)",
					"@executable_path/Frameworks",
				);
				MARKETING_VERSION = 1.0;
				PRODUCT_BUNDLE_IDENTIFIER = "edu.uw.ischool.shiina12.Life-Counter";
				PRODUCT_NAME = "$(TARGET_NAME)";
				SWIFT_EMIT_LOC_STRINGS = YES;
				SWIFT_VERSION = 5.0;
				TARGETED_DEVICE_FAMILY = "1,2";
			};
			name = Debug;
		};
		DB2388A82BCEF8E700777799 /* Release */ = {
			isa = XCBuildConfiguration;
			buildSettings = {
				ASSETCATALOG_COMPILER_APPICON_NAME = AppIcon;
				ASSETCATALOG_COMPILER_GLOBAL_ACCENT_COLOR_NAME = AccentColor;
				CODE_SIGN_STYLE = Automatic;
				CURRENT_PROJECT_VERSION = 1;
				DEVELOPMENT_TEAM = FV8X8GGK72;
				GENERATE_INFOPLIST_FILE = YES;
				INFOPLIST_FILE = "Life Counter/Info.plist";
				INFOPLIST_KEY_UIApplicationSupportsIndirectInputEvents = YES;
				INFOPLIST_KEY_UILaunchStoryboardName = LaunchScreen;
				INFOPLIST_KEY_UIMainStoryboardFile = Main;
				INFOPLIST_KEY_UISupportedInterfaceOrientations_iPad = "UIInterfaceOrientationPortrait UIInterfaceOrientationPortraitUpsideDown UIInterfaceOrientationLandscapeLeft UIInterfaceOrientationLandscapeRight";
				INFOPLIST_KEY_UISupportedInterfaceOrientations_iPhone = "UIInterfaceOrientationPortrait UIInterfaceOrientationLandscapeLeft UIInterfaceOrientationLandscapeRight";
				LD_RUNPATH_SEARCH_PATHS = (
					"$(inherited)",
					"@executable_path/Frameworks",
				);
				MARKETING_VERSION = 1.0;
				PRODUCT_BUNDLE_IDENTIFIER = "edu.uw.ischool.shiina12.Life-Counter";
				PRODUCT_NAME = "$(TARGET_NAME)";
				SWIFT_EMIT_LOC_STRINGS = YES;
				SWIFT_VERSION = 5.0;
				TARGETED_DEVICE_FAMILY = "1,2";
			};
			name = Release;
		};
		DB2388AA2BCEF8E700777799 /* Debug */ = {
			isa = XCBuildConfiguration;
			buildSettings = {
				ALWAYS_EMBED_SWIFT_STANDARD_LIBRARIES = YES;
				BUNDLE_LOADER = "$(TEST_HOST)";
				CODE_SIGN_STYLE = Automatic;
				CURRENT_PROJECT_VERSION = 1;
				DEVELOPMENT_TEAM = FV8X8GGK72;
				GENERATE_INFOPLIST_FILE = YES;
				IPHONEOS_DEPLOYMENT_TARGET = 17.4;
				MARKETING_VERSION = 1.0;
				PRODUCT_BUNDLE_IDENTIFIER = "edu.uw.ischool.shiina12.Life-CounterTests";
				PRODUCT_NAME = "$(TARGET_NAME)";
				SWIFT_EMIT_LOC_STRINGS = NO;
				SWIFT_VERSION = 5.0;
				TARGETED_DEVICE_FAMILY = "1,2";
				TEST_HOST = "$(BUILT_PRODUCTS_DIR)/Life Counter.app/$(BUNDLE_EXECUTABLE_FOLDER_PATH)/Life Counter";
			};
			name = Debug;
		};
		DB2388AB2BCEF8E700777799 /* Release */ = {
			isa = XCBuildConfiguration;
			buildSettings = {
				ALWAYS_EMBED_SWIFT_STANDARD_LIBRARIES = YES;
				BUNDLE_LOADER = "$(TEST_HOST)";
				CODE_SIGN_STYLE = Automatic;
				CURRENT_PROJECT_VERSION = 1;
				DEVELOPMENT_TEAM = FV8X8GGK72;
				GENERATE_INFOPLIST_FILE = YES;
				IPHONEOS_DEPLOYMENT_TARGET = 17.4;
				MARKETING_VERSION = 1.0;
				PRODUCT_BUNDLE_IDENTIFIER = "edu.uw.ischool.shiina12.Life-CounterTests";
				PRODUCT_NAME = "$(TARGET_NAME)";
				SWIFT_EMIT_LOC_STRINGS = NO;
				SWIFT_VERSION = 5.0;
				TARGETED_DEVICE_FAMILY = "1,2";
				TEST_HOST = "$(BUILT_PRODUCTS_DIR)/Life Counter.app/$(BUNDLE_EXECUTABLE_FOLDER_PATH)/Life Counter";
			};
			name = Release;
		};
		DB2388AD2BCEF8E700777799 /* Debug */ = {
			isa = XCBuildConfiguration;
			buildSettings = {
				ALWAYS_EMBED_SWIFT_STANDARD_LIBRARIES = YES;
				CODE_SIGN_STYLE = Automatic;
				CURRENT_PROJECT_VERSION = 1;
				DEVELOPMENT_TEAM = FV8X8GGK72;
				GENERATE_INFOPLIST_FILE = YES;
				MARKETING_VERSION = 1.0;
				PRODUCT_BUNDLE_IDENTIFIER = "edu.uw.ischool.shiina12.Life-CounterUITests";
				PRODUCT_NAME = "$(TARGET_NAME)";
				SWIFT_EMIT_LOC_STRINGS = NO;
				SWIFT_VERSION = 5.0;
				TARGETED_DEVICE_FAMILY = "1,2";
				TEST_TARGET_NAME = "Life Counter";
			};
			name = Debug;
		};
		DB2388AE2BCEF8E700777799 /* Release */ = {
			isa = XCBuildConfiguration;
			buildSettings = {
				ALWAYS_EMBED_SWIFT_STANDARD_LIBRARIES = YES;
				CODE_SIGN_STYLE = Automatic;
				CURRENT_PROJECT_VERSION = 1;
				DEVELOPMENT_TEAM = FV8X8GGK72;
				GENERATE_INFOPLIST_FILE = YES;
				MARKETING_VERSION = 1.0;
				PRODUCT_BUNDLE_IDENTIFIER = "edu.uw.ischool.shiina12.Life-CounterUITests";
				PRODUCT_NAME = "$(TARGET_NAME)";
				SWIFT_EMIT_LOC_STRINGS = NO;
				SWIFT_VERSION = 5.0;
				TARGETED_DEVICE_FAMILY = "1,2";
				TEST_TARGET_NAME = "Life Counter";
			};
			name = Release;
		};
/* End XCBuildConfiguration section */

/* Begin XCConfigurationList section */
		DB2388772BCEF8E500777799 /* Build configuration list for PBXProject "Life Counter" */ = {
			isa = XCConfigurationList;
			buildConfigurations = (
				DB2388A42BCEF8E700777799 /* Debug */,
				DB2388A52BCEF8E700777799 /* Release */,
			);
			defaultConfigurationIsVisible = 0;
			defaultConfigurationName = Release;
		};
		DB2388A62BCEF8E700777799 /* Build configuration list for PBXNativeTarget "Life Counter" */ = {
			isa = XCConfigurationList;
			buildConfigurations = (
				DB2388A72BCEF8E700777799 /* Debug */,
				DB2388A82BCEF8E700777799 /* Release */,
			);
			defaultConfigurationIsVisible = 0;
			defaultConfigurationName = Release;
		};
		DB2388A92BCEF8E700777799 /* Build configuration list for PBXNativeTarget "Life CounterTests" */ = {
			isa = XCConfigurationList;
			buildConfigurations = (
				DB2388AA2BCEF8E700777799 /* Debug */,
				DB2388AB2BCEF8E700777799 /* Release */,
			);
			defaultConfigurationIsVisible = 0;
			defaultConfigurationName = Release;
		};
		DB2388AC2BCEF8E700777799 /* Build configuration list for PBXNativeTarget "Life CounterUITests" */ = {
			isa = XCConfigurationList;
			buildConfigurations = (
				DB2388AD2BCEF8E700777799 /* Debug */,
				DB2388AE2BCEF8E700777799 /* Release */,
			);
			defaultConfigurationIsVisible = 0;
			defaultConfigurationName = Release;
		};
/* End XCConfigurationList section */
	};
	rootObject = DB2388742BCEF8E500777799 /* Project object */;
}
